{
  "name": "assets",
  "lockfileVersion": 3,
  "requires": true,
  "packages": {
    "": {
      "dependencies": {
        "@ibm/plex": "6.4.1"
      }
    },
    "node_modules/@ibm/plex": {
      "version": "6.4.1",
      "hasInstallScript": true,
      "license": "OFL-1.1",
      "dependencies": {
        "@ibm/telemetry-js": "^1.5.1"
      }
    },
    "node_modules/@ibm/telemetry-js": {
      "version": "1.11.0",
      "license": "Apache-2.0",
      "bin": {
        "ibmtelemetry": "dist/collect.js"
      }
    }
  }
}
